
Microsoft Visual Studio Solution File, Format Version 12.00
# Visual Studio Version 17
VisualStudioVersion = 17.4.33213.308
MinimumVisualStudioVersion = 10.0.40219.1
Project("{FAE04EC0-301F-11D3-BF4B-00C04F79EFBC}") = "ApiMinima", "ApiMinima\ApiMinima.csproj", "{BE0F3C12-1835-4DD6-88D0-ABC1348611A6}"
EndProject
Global
	GlobalSection(SolutionConfigurationPlatforms) = preSolution
		Debug|Any CPU = Debug|Any CPU
		Release|Any CPU = Release|Any CPU
	EndGlobalSection
	GlobalSection(ProjectConfigurationPlatforms) = postSolution
		{BE0F3C12-1835-4DD6-88D0-ABC1348611A6}.Debug|Any CPU.ActiveCfg = Debug|Any CPU
		{BE0F3C12-1835-4DD6-88D0-ABC1348611A6}.Debug|Any CPU.Build.0 = Debug|Any CPU
		{BE0F3C12-1835-4DD6-88D0-ABC1348611A6}.Release|Any CPU.ActiveCfg = Release|Any CPU
		{BE0F3C12-1835-4DD6-88D0-ABC1348611A6}.Release|Any CPU.Build.0 = Release|Any CPU
	EndGlobalSection
	GlobalSection(SolutionProperties) = preSolution
		HideSolutionNode = FALSE
	EndGlobalSection
	GlobalSection(ExtensibilityGlobals) = postSolution
		SolutionGuid = {B797FB91-7278-45EA-BD5C-6302B5876CF8}
	EndGlobalSection
EndGlobal
